
Microsoft Visual Studio Solution File, Format Version 12.00
# Visual Studio Version 17
VisualStudioVersion = 17.5.33516.290
MinimumVisualStudioVersion = 10.0.40219.1
Project("{FAE04EC0-301F-11D3-BF4B-00C04F79EFBC}") = "Practical-17", "Practical-17.csproj", "{ECFD36C9-1C11-4C42-BFD9-C27A917FA162}"
EndProject
Global
	GlobalSection(SolutionConfigurationPlatforms) = preSolution
		Debug|Any CPU = Debug|Any CPU
		Release|Any CPU = Release|Any CPU
	EndGlobalSection
	GlobalSection(ProjectConfigurationPlatforms) = postSolution
		{ECFD36C9-1C11-4C42-BFD9-C27A917FA162}.Debug|Any CPU.ActiveCfg = Debug|Any CPU
		{ECFD36C9-1C11-4C42-BFD9-C27A917FA162}.Debug|Any CPU.Build.0 = Debug|Any CPU
		{ECFD36C9-1C11-4C42-BFD9-C27A917FA162}.Release|Any CPU.ActiveCfg = Release|Any CPU
		{ECFD36C9-1C11-4C42-BFD9-C27A917FA162}.Release|Any CPU.Build.0 = Release|Any CPU
	EndGlobalSection
	GlobalSection(SolutionProperties) = preSolution
		HideSolutionNode = FALSE
	EndGlobalSection
	GlobalSection(ExtensibilityGlobals) = postSolution
		SolutionGuid = {B93D878E-C996-468E-B0DA-8E7FADE6F372}
	EndGlobalSection
EndGlobal
